
Microsoft Visual Studio Solution File, Format Version 12.00
# Visual Studio Version 16
VisualStudioVersion = 16.0.31112.23
MinimumVisualStudioVersion = 10.0.40219.1
Project("{FAE04EC0-301F-11D3-BF4B-00C04F79EFBC}") = "MvcProjeKampi", "MvcProjeKampi\MvcProjeKampi.csproj", "{DC5785C5-D35C-41F4-A6D8-1F37E9759538}"
EndProject
Project("{FAE04EC0-301F-11D3-BF4B-00C04F79EFBC}") = "EntityLayer", "EntityLayer\EntityLayer.csproj", "{8091B771-6810-462A-9871-460BE3116733}"
EndProject
Project("{FAE04EC0-301F-11D3-BF4B-00C04F79EFBC}") = "BusinessLayer", "BusinessLayer\BusinessLayer.csproj", "{7D8B235F-6DE7-490C-B97F-C8AD5B210C0F}"
EndProject
Project("{FAE04EC0-301F-11D3-BF4B-00C04F79EFBC}") = "DataAccessLayer", "DataAccessLayer\DataAccessLayer.csproj", "{D16FCD67-2A77-4FC5-99A3-D4A449E11E1D}"
EndProject
Global
	GlobalSection(SolutionConfigurationPlatforms) = preSolution
		Debug|Any CPU = Debug|Any CPU
		Release|Any CPU = Release|Any CPU
	EndGlobalSection
	GlobalSection(ProjectConfigurationPlatforms) = postSolution
		{DC5785C5-D35C-41F4-A6D8-1F37E9759538}.Debug|Any CPU.ActiveCfg = Debug|Any CPU
		{DC5785C5-D35C-41F4-A6D8-1F37E9759538}.Debug|Any CPU.Build.0 = Debug|Any CPU
		{DC5785C5-D35C-41F4-A6D8-1F37E9759538}.Release|Any CPU.ActiveCfg = Release|Any CPU
		{DC5785C5-D35C-41F4-A6D8-1F37E9759538}.Release|Any CPU.Build.0 = Release|Any CPU
		{8091B771-6810-462A-9871-460BE3116733}.Debug|Any CPU.ActiveCfg = Debug|Any CPU
		{8091B771-6810-462A-9871-460BE3116733}.Debug|Any CPU.Build.0 = Debug|Any CPU
		{8091B771-6810-462A-9871-460BE3116733}.Release|Any CPU.ActiveCfg = Release|Any CPU
		{8091B771-6810-462A-9871-460BE3116733}.Release|Any CPU.Build.0 = Release|Any CPU
		{7D8B235F-6DE7-490C-B97F-C8AD5B210C0F}.Debug|Any CPU.ActiveCfg = Debug|Any CPU
		{7D8B235F-6DE7-490C-B97F-C8AD5B210C0F}.Debug|Any CPU.Build.0 = Debug|Any CPU
		{7D8B235F-6DE7-490C-B97F-C8AD5B210C0F}.Release|Any CPU.ActiveCfg = Release|Any CPU
		{7D8B235F-6DE7-490C-B97F-C8AD5B210C0F}.Release|Any CPU.Build.0 = Release|Any CPU
		{D16FCD67-2A77-4FC5-99A3-D4A449E11E1D}.Debug|Any CPU.ActiveCfg = Debug|Any CPU
		{D16FCD67-2A77-4FC5-99A3-D4A449E11E1D}.Debug|Any CPU.Build.0 = Debug|Any CPU
		{D16FCD67-2A77-4FC5-99A3-D4A449E11E1D}.Release|Any CPU.ActiveCfg = Release|Any CPU
		{D16FCD67-2A77-4FC5-99A3-D4A449E11E1D}.Release|Any CPU.Build.0 = Release|Any CPU
	EndGlobalSection
	GlobalSection(SolutionProperties) = preSolution
		HideSolutionNode = FALSE
	EndGlobalSection
	GlobalSection(ExtensibilityGlobals) = postSolution
		SolutionGuid = {27E12D9D-84D4-42F2-A407-0D80AEABC949}
	EndGlobalSection
EndGlobal
